
Microsoft Visual Studio Solution File, Format Version 11.00
# Visual Studio 2010
Project("{FAE04EC0-301F-11D3-BF4B-00C04F79EFBC}") = "Project Saber", "Assembly-CSharp.csproj", "{6D84D6FA-C77B-6AA4-3267-F10002D67632}"
EndProject
Project("{FAE04EC0-301F-11D3-BF4B-00C04F79EFBC}") = "Project Saber", "Assembly-CSharp-Editor.csproj", "{16DC82C6-7773-B433-6193-CF669EFF3355}"
EndProject
Global
	GlobalSection(SolutionConfigurationPlatforms) = preSolution
		Debug|Any CPU = Debug|Any CPU
		Release|Any CPU = Release|Any CPU
	EndGlobalSection
	GlobalSection(ProjectConfigurationPlatforms) = postSolution
		{6D84D6FA-C77B-6AA4-3267-F10002D67632}.Debug|Any CPU.ActiveCfg = Debug|Any CPU
		{6D84D6FA-C77B-6AA4-3267-F10002D67632}.Debug|Any CPU.Build.0 = Debug|Any CPU
		{6D84D6FA-C77B-6AA4-3267-F10002D67632}.Release|Any CPU.ActiveCfg = Release|Any CPU
		{6D84D6FA-C77B-6AA4-3267-F10002D67632}.Release|Any CPU.Build.0 = Release|Any CPU
		{16DC82C6-7773-B433-6193-CF669EFF3355}.Debug|Any CPU.ActiveCfg = Debug|Any CPU
		{16DC82C6-7773-B433-6193-CF669EFF3355}.Debug|Any CPU.Build.0 = Debug|Any CPU
		{16DC82C6-7773-B433-6193-CF669EFF3355}.Release|Any CPU.ActiveCfg = Release|Any CPU
		{16DC82C6-7773-B433-6193-CF669EFF3355}.Release|Any CPU.Build.0 = Release|Any CPU
	EndGlobalSection
	GlobalSection(SolutionProperties) = preSolution
		HideSolutionNode = FALSE
	EndGlobalSection
	GlobalSection(MonoDevelopProperties) = preSolution
		StartupItem = Assembly-CSharp.csproj
	EndGlobalSection
EndGlobal
